
Microsoft Visual Studio Solution File, Format Version 12.00
# Visual Studio 15
VisualStudioVersion = 15.0.27004.2009
MinimumVisualStudioVersion = 10.0.40219.1
Project("{FAE04EC0-301F-11D3-BF4B-00C04F79EFBC}") = "Wegpiraat.Android", "Wegpiraat\Wegpiraat.Android\Wegpiraat.Android.csproj", "{CE78DD7D-6A0C-46E1-993B-B1856DEAFCE6}"
EndProject
Project("{FAE04EC0-301F-11D3-BF4B-00C04F79EFBC}") = "Wegpiraat", "Wegpiraat\Wegpiraat\Wegpiraat.csproj", "{472CBD44-B264-4E50-AA5F-924A0704107C}"
EndProject
Project("{FAE04EC0-301F-11D3-BF4B-00C04F79EFBC}") = "Wegpiraat.iOS", "Wegpiraat\Wegpiraat.iOS\Wegpiraat.iOS.csproj", "{CDF58BC0-2FCD-40D9-944A-A6FC3C312B81}"
EndProject
Global
	GlobalSection(SolutionConfigurationPlatforms) = preSolution
		Ad-Hoc|Any CPU = Ad-Hoc|Any CPU
		Ad-Hoc|iPhone = Ad-Hoc|iPhone
		Ad-Hoc|iPhoneSimulator = Ad-Hoc|iPhoneSimulator
		AppStore|Any CPU = AppStore|Any CPU
		AppStore|iPhone = AppStore|iPhone
		AppStore|iPhoneSimulator = AppStore|iPhoneSimulator
		Debug|Any CPU = Debug|Any CPU
		Debug|iPhone = Debug|iPhone
		Debug|iPhoneSimulator = Debug|iPhoneSimulator
		Release|Any CPU = Release|Any CPU
		Release|iPhone = Release|iPhone
		Release|iPhoneSimulator = Release|iPhoneSimulator
	EndGlobalSection
	GlobalSection(ProjectConfigurationPlatforms) = postSolution
		{CE78DD7D-6A0C-46E1-993B-B1856DEAFCE6}.Ad-Hoc|Any CPU.ActiveCfg = Release|Any CPU
		{CE78DD7D-6A0C-46E1-993B-B1856DEAFCE6}.Ad-Hoc|Any CPU.Build.0 = Release|Any CPU
		{CE78DD7D-6A0C-46E1-993B-B1856DEAFCE6}.Ad-Hoc|Any CPU.Deploy.0 = Release|Any CPU
		{CE78DD7D-6A0C-46E1-993B-B1856DEAFCE6}.Ad-Hoc|iPhone.ActiveCfg = Release|Any CPU
		{CE78DD7D-6A0C-46E1-993B-B1856DEAFCE6}.Ad-Hoc|iPhone.Build.0 = Release|Any CPU
		{CE78DD7D-6A0C-46E1-993B-B1856DEAFCE6}.Ad-Hoc|iPhone.Deploy.0 = Release|Any CPU
		{CE78DD7D-6A0C-46E1-993B-B1856DEAFCE6}.Ad-Hoc|iPhoneSimulator.ActiveCfg = Release|Any CPU
		{CE78DD7D-6A0C-46E1-993B-B1856DEAFCE6}.Ad-Hoc|iPhoneSimulator.Build.0 = Release|Any CPU
		{CE78DD7D-6A0C-46E1-993B-B1856DEAFCE6}.Ad-Hoc|iPhoneSimulator.Deploy.0 = Release|Any CPU
		{CE78DD7D-6A0C-46E1-993B-B1856DEAFCE6}.AppStore|Any CPU.ActiveCfg = Release|Any CPU
		{CE78DD7D-6A0C-46E1-993B-B1856DEAFCE6}.AppStore|Any CPU.Build.0 = Release|Any CPU
		{CE78DD7D-6A0C-46E1-993B-B1856DEAFCE6}.AppStore|Any CPU.Deploy.0 = Release|Any CPU
		{CE78DD7D-6A0C-46E1-993B-B1856DEAFCE6}.AppStore|iPhone.ActiveCfg = Release|Any CPU
		{CE78DD7D-6A0C-46E1-993B-B1856DEAFCE6}.AppStore|iPhone.Build.0 = Release|Any CPU
		{CE78DD7D-6A0C-46E1-993B-B1856DEAFCE6}.AppStore|iPhone.Deploy.0 = Release|Any CPU
		{CE78DD7D-6A0C-46E1-993B-B1856DEAFCE6}.AppStore|iPhoneSimulator.ActiveCfg = Release|Any CPU
		{CE78DD7D-6A0C-46E1-993B-B1856DEAFCE6}.AppStore|iPhoneSimulator.Build.0 = Release|Any CPU
		{CE78DD7D-6A0C-46E1-993B-B1856DEAFCE6}.AppStore|iPhoneSimulator.Deploy.0 = Release|Any CPU
		{CE78DD7D-6A0C-46E1-993B-B1856DEAFCE6}.Debug|Any CPU.ActiveCfg = Debug|Any CPU
		{CE78DD7D-6A0C-46E1-993B-B1856DEAFCE6}.Debug|Any CPU.Build.0 = Debug|Any CPU
		{CE78DD7D-6A0C-46E1-993B-B1856DEAFCE6}.Debug|Any CPU.Deploy.0 = Debug|Any CPU
		{CE78DD7D-6A0C-46E1-993B-B1856DEAFCE6}.Debug|iPhone.ActiveCfg = Debug|Any CPU
		{CE78DD7D-6A0C-46E1-993B-B1856DEAFCE6}.Debug|iPhone.Build.0 = Debug|Any CPU
		{CE78DD7D-6A0C-46E1-993B-B1856DEAFCE6}.Debug|iPhone.Deploy.0 = Debug|Any CPU
		{CE78DD7D-6A0C-46E1-993B-B1856DEAFCE6}.Debug|iPhoneSimulator.ActiveCfg = Debug|Any CPU
		{CE78DD7D-6A0C-46E1-993B-B1856DEAFCE6}.Debug|iPhoneSimulator.Build.0 = Debug|Any CPU
		{CE78DD7D-6A0C-46E1-993B-B1856DEAFCE6}.Debug|iPhoneSimulator.Deploy.0 = Debug|Any CPU
		{CE78DD7D-6A0C-46E1-993B-B1856DEAFCE6}.Release|Any CPU.ActiveCfg = Release|Any CPU
		{CE78DD7D-6A0C-46E1-993B-B1856DEAFCE6}.Release|Any CPU.Build.0 = Release|Any CPU
		{CE78DD7D-6A0C-46E1-993B-B1856DEAFCE6}.Release|Any CPU.Deploy.0 = Release|Any CPU
		{CE78DD7D-6A0C-46E1-993B-B1856DEAFCE6}.Release|iPhone.ActiveCfg = Release|Any CPU
		{CE78DD7D-6A0C-46E1-993B-B1856DEAFCE6}.Release|iPhone.Build.0 = Release|Any CPU
		{CE78DD7D-6A0C-46E1-993B-B1856DEAFCE6}.Release|iPhone.Deploy.0 = Release|Any CPU
		{CE78DD7D-6A0C-46E1-993B-B1856DEAFCE6}.Release|iPhoneSimulator.ActiveCfg = Release|Any CPU
		{CE78DD7D-6A0C-46E1-993B-B1856DEAFCE6}.Release|iPhoneSimulator.Build.0 = Release|Any CPU
		{CE78DD7D-6A0C-46E1-993B-B1856DEAFCE6}.Release|iPhoneSimulator.Deploy.0 = Release|Any CPU
		{472CBD44-B264-4E50-AA5F-924A0704107C}.Ad-Hoc|Any CPU.ActiveCfg = Release|Any CPU
		{472CBD44-B264-4E50-AA5F-924A0704107C}.Ad-Hoc|Any CPU.Build.0 = Release|Any CPU
		{472CBD44-B264-4E50-AA5F-924A0704107C}.Ad-Hoc|iPhone.ActiveCfg = Release|Any CPU
		{472CBD44-B264-4E50-AA5F-924A0704107C}.Ad-Hoc|iPhone.Build.0 = Release|Any CPU
		{472CBD44-B264-4E50-AA5F-924A0704107C}.Ad-Hoc|iPhoneSimulator.ActiveCfg = Release|Any CPU
		{472CBD44-B264-4E50-AA5F-924A0704107C}.Ad-Hoc|iPhoneSimulator.Build.0 = Release|Any CPU
		{472CBD44-B264-4E50-AA5F-924A0704107C}.AppStore|Any CPU.ActiveCfg = Release|Any CPU
		{472CBD44-B264-4E50-AA5F-924A0704107C}.AppStore|Any CPU.Build.0 = Release|Any CPU
		{472CBD44-B264-4E50-AA5F-924A0704107C}.AppStore|iPhone.ActiveCfg = Release|Any CPU
		{472CBD44-B264-4E50-AA5F-924A0704107C}.AppStore|iPhone.Build.0 = Release|Any CPU
		{472CBD44-B264-4E50-AA5F-924A0704107C}.AppStore|iPhoneSimulator.ActiveCfg = Release|Any CPU
		{472CBD44-B264-4E50-AA5F-924A0704107C}.AppStore|iPhoneSimulator.Build.0 = Release|Any CPU
		{472CBD44-B264-4E50-AA5F-924A0704107C}.Debug|Any CPU.ActiveCfg = Debug|Any CPU
		{472CBD44-B264-4E50-AA5F-924A0704107C}.Debug|Any CPU.Build.0 = Debug|Any CPU
		{472CBD44-B264-4E50-AA5F-924A0704107C}.Debug|iPhone.ActiveCfg = Debug|Any CPU
		{472CBD44-B264-4E50-AA5F-924A0704107C}.Debug|iPhone.Build.0 = Debug|Any CPU
		{472CBD44-B264-4E50-AA5F-924A0704107C}.Debug|iPhoneSimulator.ActiveCfg = Debug|Any CPU
		{472CBD44-B264-4E50-AA5F-924A0704107C}.Debug|iPhoneSimulator.Build.0 = Debug|Any CPU
		{472CBD44-B264-4E50-AA5F-924A0704107C}.Release|Any CPU.ActiveCfg = Release|Any CPU
		{472CBD44-B264-4E50-AA5F-924A0704107C}.Release|Any CPU.Build.0 = Release|Any CPU
		{472CBD44-B264-4E50-AA5F-924A0704107C}.Release|iPhone.ActiveCfg = Release|Any CPU
		{472CBD44-B264-4E50-AA5F-924A0704107C}.Release|iPhone.Build.0 = Release|Any CPU
		{472CBD44-B264-4E50-AA5F-924A0704107C}.Release|iPhoneSimulator.ActiveCfg = Release|Any CPU
		{472CBD44-B264-4E50-AA5F-924A0704107C}.Release|iPhoneSimulator.Build.0 = Release|Any CPU
		{CDF58BC0-2FCD-40D9-944A-A6FC3C312B81}.Ad-Hoc|Any CPU.ActiveCfg = Ad-Hoc|iPhoneSimulator
		{CDF58BC0-2FCD-40D9-944A-A6FC3C312B81}.Ad-Hoc|iPhone.ActiveCfg = Ad-Hoc|iPhone
		{CDF58BC0-2FCD-40D9-944A-A6FC3C312B81}.Ad-Hoc|iPhone.Build.0 = Ad-Hoc|iPhone
		{CDF58BC0-2FCD-40D9-944A-A6FC3C312B81}.Ad-Hoc|iPhoneSimulator.ActiveCfg = Ad-Hoc|iPhoneSimulator
		{CDF58BC0-2FCD-40D9-944A-A6FC3C312B81}.Ad-Hoc|iPhoneSimulator.Build.0 = Ad-Hoc|iPhoneSimulator
		{CDF58BC0-2FCD-40D9-944A-A6FC3C312B81}.AppStore|Any CPU.ActiveCfg = AppStore|iPhoneSimulator
		{CDF58BC0-2FCD-40D9-944A-A6FC3C312B81}.AppStore|iPhone.ActiveCfg = AppStore|iPhone
		{CDF58BC0-2FCD-40D9-944A-A6FC3C312B81}.AppStore|iPhone.Build.0 = AppStore|iPhone
		{CDF58BC0-2FCD-40D9-944A-A6FC3C312B81}.AppStore|iPhoneSimulator.ActiveCfg = AppStore|iPhoneSimulator
		{CDF58BC0-2FCD-40D9-944A-A6FC3C312B81}.AppStore|iPhoneSimulator.Build.0 = AppStore|iPhoneSimulator
		{CDF58BC0-2FCD-40D9-944A-A6FC3C312B81}.Debug|Any CPU.ActiveCfg = Debug|iPhoneSimulator
		{CDF58BC0-2FCD-40D9-944A-A6FC3C312B81}.Debug|iPhone.ActiveCfg = Debug|iPhone
		{CDF58BC0-2FCD-40D9-944A-A6FC3C312B81}.Debug|iPhone.Build.0 = Debug|iPhone
		{CDF58BC0-2FCD-40D9-944A-A6FC3C312B81}.Debug|iPhoneSimulator.ActiveCfg = Debug|iPhoneSimulator
		{CDF58BC0-2FCD-40D9-944A-A6FC3C312B81}.Debug|iPhoneSimulator.Build.0 = Debug|iPhoneSimulator
		{CDF58BC0-2FCD-40D9-944A-A6FC3C312B81}.Release|Any CPU.ActiveCfg = Release|iPhoneSimulator
		{CDF58BC0-2FCD-40D9-944A-A6FC3C312B81}.Release|iPhone.ActiveCfg = Release|iPhone
		{CDF58BC0-2FCD-40D9-944A-A6FC3C312B81}.Release|iPhone.Build.0 = Release|iPhone
		{CDF58BC0-2FCD-40D9-944A-A6FC3C312B81}.Release|iPhoneSimulator.ActiveCfg = Release|iPhoneSimulator
		{CDF58BC0-2FCD-40D9-944A-A6FC3C312B81}.Release|iPhoneSimulator.Build.0 = Release|iPhoneSimulator
	EndGlobalSection
	GlobalSection(SolutionProperties) = preSolution
		HideSolutionNode = FALSE
	EndGlobalSection
	GlobalSection(ExtensibilityGlobals) = postSolution
		SolutionGuid = {BE8CE0C3-9F63-4684-8219-D029BC497650}
	EndGlobalSection
EndGlobal
