Microsoft Visual Studio Solution File, Format Version 12.00
# Visual Studio 15
VisualStudioVersion = 15.0.27004.2009
MinimumVisualStudioVersion = 10.0.40219.1
Project("{FAE04EC0-301F-11D3-BF4B-00C04F79EFBC}") = "Wegpiraat", "Wegpiraat\Wegpiraat.csproj", "{7047FB67-9C34-49A2-86AA-E200A5C21A8E}"
EndProject
Project("{FAE04EC0-301F-11D3-BF4B-00C04F79EFBC}") = "Wegpiraat.iOS", "Wegpiraat.iOS\Wegpiraat.iOS.csproj", "{16ACB00C-EC6D-4FF5-A745-9AA89AB7FF54}"
EndProject
Project("{FAE04EC0-301F-11D3-BF4B-00C04F79EFBC}") = "Wegpiraat.Droid", "Wegpiraat.Droid\Wegpiraat.Droid.csproj", "{623E0D69-C086-4295-8985-D0CF28D12997}"
EndProject
Global
	GlobalSection(SolutionConfigurationPlatforms) = preSolution
		Debug|Any CPU = Debug|Any CPU
		Debug|iPhone = Debug|iPhone
		Debug|iPhoneSimulator = Debug|iPhoneSimulator
		Release|Any CPU = Release|Any CPU
		Release|iPhone = Release|iPhone
		Release|iPhoneSimulator = Release|iPhoneSimulator
	EndGlobalSection
	GlobalSection(ProjectConfigurationPlatforms) = postSolution
		{7047FB67-9C34-49A2-86AA-E200A5C21A8E}.Debug|Any CPU.ActiveCfg = Debug|Any CPU
		{7047FB67-9C34-49A2-86AA-E200A5C21A8E}.Debug|Any CPU.Build.0 = Debug|Any CPU
		{7047FB67-9C34-49A2-86AA-E200A5C21A8E}.Debug|iPhone.ActiveCfg = Debug|Any CPU
		{7047FB67-9C34-49A2-86AA-E200A5C21A8E}.Debug|iPhone.Build.0 = Debug|Any CPU
		{7047FB67-9C34-49A2-86AA-E200A5C21A8E}.Debug|iPhoneSimulator.ActiveCfg = Debug|Any CPU
		{7047FB67-9C34-49A2-86AA-E200A5C21A8E}.Debug|iPhoneSimulator.Build.0 = Debug|Any CPU
		{7047FB67-9C34-49A2-86AA-E200A5C21A8E}.Release|Any CPU.ActiveCfg = Release|Any CPU
		{7047FB67-9C34-49A2-86AA-E200A5C21A8E}.Release|Any CPU.Build.0 = Release|Any CPU
		{7047FB67-9C34-49A2-86AA-E200A5C21A8E}.Release|iPhone.ActiveCfg = Release|Any CPU
		{7047FB67-9C34-49A2-86AA-E200A5C21A8E}.Release|iPhone.Build.0 = Release|Any CPU
		{7047FB67-9C34-49A2-86AA-E200A5C21A8E}.Release|iPhoneSimulator.ActiveCfg = Release|Any CPU
		{7047FB67-9C34-49A2-86AA-E200A5C21A8E}.Release|iPhoneSimulator.Build.0 = Release|Any CPU
		{16ACB00C-EC6D-4FF5-A745-9AA89AB7FF54}.Debug|Any CPU.ActiveCfg = Debug|iPhoneSimulator
		{16ACB00C-EC6D-4FF5-A745-9AA89AB7FF54}.Debug|Any CPU.Build.0 = Debug|iPhoneSimulator
		{16ACB00C-EC6D-4FF5-A745-9AA89AB7FF54}.Debug|iPhone.ActiveCfg = Debug|iPhone
		{16ACB00C-EC6D-4FF5-A745-9AA89AB7FF54}.Debug|iPhone.Build.0 = Debug|iPhone
		{16ACB00C-EC6D-4FF5-A745-9AA89AB7FF54}.Debug|iPhoneSimulator.ActiveCfg = Debug|iPhoneSimulator
		{16ACB00C-EC6D-4FF5-A745-9AA89AB7FF54}.Debug|iPhoneSimulator.Build.0 = Debug|iPhoneSimulator
		{16ACB00C-EC6D-4FF5-A745-9AA89AB7FF54}.Release|Any CPU.ActiveCfg = Release|iPhone
		{16ACB00C-EC6D-4FF5-A745-9AA89AB7FF54}.Release|Any CPU.Build.0 = Release|iPhone
		{16ACB00C-EC6D-4FF5-A745-9AA89AB7FF54}.Release|iPhone.ActiveCfg = Release|iPhone
		{16ACB00C-EC6D-4FF5-A745-9AA89AB7FF54}.Release|iPhone.Build.0 = Release|iPhone
		{16ACB00C-EC6D-4FF5-A745-9AA89AB7FF54}.Release|iPhoneSimulator.ActiveCfg = Release|iPhoneSimulator
		{16ACB00C-EC6D-4FF5-A745-9AA89AB7FF54}.Release|iPhoneSimulator.Build.0 = Release|iPhoneSimulator
		{623E0D69-C086-4295-8985-D0CF28D12997}.Debug|Any CPU.ActiveCfg = Debug|Any CPU
		{623E0D69-C086-4295-8985-D0CF28D12997}.Debug|Any CPU.Build.0 = Debug|Any CPU
		{623E0D69-C086-4295-8985-D0CF28D12997}.Debug|Any CPU.Deploy.0 = Debug|Any CPU
		{623E0D69-C086-4295-8985-D0CF28D12997}.Debug|iPhone.ActiveCfg = Debug|Any CPU
		{623E0D69-C086-4295-8985-D0CF28D12997}.Debug|iPhone.Build.0 = Debug|Any CPU
		{623E0D69-C086-4295-8985-D0CF28D12997}.Debug|iPhoneSimulator.ActiveCfg = Debug|Any CPU
		{623E0D69-C086-4295-8985-D0CF28D12997}.Debug|iPhoneSimulator.Build.0 = Debug|Any CPU
		{623E0D69-C086-4295-8985-D0CF28D12997}.Release|Any CPU.ActiveCfg = Release|Any CPU
		{623E0D69-C086-4295-8985-D0CF28D12997}.Release|Any CPU.Build.0 = Release|Any CPU
		{623E0D69-C086-4295-8985-D0CF28D12997}.Release|iPhone.ActiveCfg = Release|Any CPU
		{623E0D69-C086-4295-8985-D0CF28D12997}.Release|iPhone.Build.0 = Release|Any CPU
		{623E0D69-C086-4295-8985-D0CF28D12997}.Release|iPhoneSimulator.ActiveCfg = Release|Any CPU
		{623E0D69-C086-4295-8985-D0CF28D12997}.Release|iPhoneSimulator.Build.0 = Release|Any CPU
	EndGlobalSection
	GlobalSection(SolutionProperties) = preSolution
		HideSolutionNode = FALSE
	EndGlobalSection
	GlobalSection(ExtensibilityGlobals) = postSolution
		SolutionGuid = {971D956D-60D6-4BBA-995C-2E82688B7849}
	EndGlobalSection
EndGlobal
